
Microsoft Visual Studio Solution File, Format Version 12.00
# Visual Studio Version 17
VisualStudioVersion = 17.3.32929.385
MinimumVisualStudioVersion = 10.0.40219.1
Project("{FAE04EC0-301F-11D3-BF4B-00C04F79EFBC}") = "PetStore", "PetStore\PetStore.csproj", "{F5472143-5D74-4C1A-A7CF-52D046679206}"
EndProject
Global
	GlobalSection(SolutionConfigurationPlatforms) = preSolution
		Debug|Any CPU = Debug|Any CPU
		Release|Any CPU = Release|Any CPU
	EndGlobalSection
	GlobalSection(ProjectConfigurationPlatforms) = postSolution
		{F5472143-5D74-4C1A-A7CF-52D046679206}.Debug|Any CPU.ActiveCfg = Debug|Any CPU
		{F5472143-5D74-4C1A-A7CF-52D046679206}.Debug|Any CPU.Build.0 = Debug|Any CPU
		{F5472143-5D74-4C1A-A7CF-52D046679206}.Release|Any CPU.ActiveCfg = Release|Any CPU
		{F5472143-5D74-4C1A-A7CF-52D046679206}.Release|Any CPU.Build.0 = Release|Any CPU
	EndGlobalSection
	GlobalSection(SolutionProperties) = preSolution
		HideSolutionNode = FALSE
	EndGlobalSection
	GlobalSection(ExtensibilityGlobals) = postSolution
		SolutionGuid = {E9E32FBD-73EE-4F93-AB00-F58902659061}
	EndGlobalSection
EndGlobal
